lockfileVersion: '6.0'

settings:
  autoInstallPeers: true
  excludeLinksFromLockfile: false

dependencies:
  intertype:
    specifier: 7.6.5
    version: 7.6.5

packages:

  /intertype@7.6.5:
    resolution: {integrity: sha512-763YK3ezLYy9FkX+cTTg/qwGHteqlaTMiec9a2sVAKm7kXp9e7QkzbyYS6u4CcbLxx12L8bcRbe3SFsPeaJCMA==}
    dependencies:
      multimix: 5.0.0
    dev: false

  /multimix@5.0.0:
    resolution: {integrity: sha512-N9cdGSDDD7kxOV7R6e4iZqsHTZ4F4iiSDWqMcVqx4gEH6HBtRXav39Gj3fgT1YqvBcwPCQuf0Oa5R2cDaLWK8A==}
    dev: false
